
Microsoft Visual Studio Solution File, Format Version 12.00
# Visual Studio 15
VisualStudioVersion = 15.0.28307.168
MinimumVisualStudioVersion = 10.0.40219.1
Project("{FAE04EC0-301F-11D3-BF4B-00C04F79EFBC}") = "KostaViewModel.Android", "KostaViewModel\KostaViewModel.Android\KostaViewModel.Android.csproj", "{7D5793FA-CA09-4828-8403-6D1E3616D9CA}"
EndProject
Project("{FAE04EC0-301F-11D3-BF4B-00C04F79EFBC}") = "KostaViewModel", "KostaViewModel\KostaViewModel\KostaViewModel.csproj", "{F5DBCBA2-0052-4C33-B03E-D9A563542981}"
EndProject
Global
	GlobalSection(SolutionConfigurationPlatforms) = preSolution
		Debug|Any CPU = Debug|Any CPU
		Release|Any CPU = Release|Any CPU
	EndGlobalSection
	GlobalSection(ProjectConfigurationPlatforms) = postSolution
		{7D5793FA-CA09-4828-8403-6D1E3616D9CA}.Debug|Any CPU.ActiveCfg = Debug|Any CPU
		{7D5793FA-CA09-4828-8403-6D1E3616D9CA}.Debug|Any CPU.Build.0 = Debug|Any CPU
		{7D5793FA-CA09-4828-8403-6D1E3616D9CA}.Debug|Any CPU.Deploy.0 = Debug|Any CPU
		{7D5793FA-CA09-4828-8403-6D1E3616D9CA}.Release|Any CPU.ActiveCfg = Release|Any CPU
		{7D5793FA-CA09-4828-8403-6D1E3616D9CA}.Release|Any CPU.Build.0 = Release|Any CPU
		{7D5793FA-CA09-4828-8403-6D1E3616D9CA}.Release|Any CPU.Deploy.0 = Release|Any CPU
		{F5DBCBA2-0052-4C33-B03E-D9A563542981}.Debug|Any CPU.ActiveCfg = Debug|Any CPU
		{F5DBCBA2-0052-4C33-B03E-D9A563542981}.Debug|Any CPU.Build.0 = Debug|Any CPU
		{F5DBCBA2-0052-4C33-B03E-D9A563542981}.Debug|Any CPU.Deploy.0 = Debug|Any CPU
		{F5DBCBA2-0052-4C33-B03E-D9A563542981}.Release|Any CPU.ActiveCfg = Release|Any CPU
		{F5DBCBA2-0052-4C33-B03E-D9A563542981}.Release|Any CPU.Build.0 = Release|Any CPU
		{F5DBCBA2-0052-4C33-B03E-D9A563542981}.Release|Any CPU.Deploy.0 = Release|Any CPU
	EndGlobalSection
	GlobalSection(SolutionProperties) = preSolution
		HideSolutionNode = FALSE
	EndGlobalSection
	GlobalSection(ExtensibilityGlobals) = postSolution
		SolutionGuid = {64C5EB02-9F45-4C9A-A35F-8E17011FE67E}
	EndGlobalSection
EndGlobal
